
Microsoft Visual Studio Solution File, Format Version 12.00
# Visual Studio Version 17
VisualStudioVersion = 17.2.32602.215
MinimumVisualStudioVersion = 10.0.40219.1
Project("{FAE04EC0-301F-11D3-BF4B-00C04F79EFBC}") = "Fondere", "Fondere\Fondere.csproj", "{54AC00E5-EF59-41AF-B254-F1FD0B537973}"
EndProject
Project("{FAE04EC0-301F-11D3-BF4B-00C04F79EFBC}") = "ShuntingYard", "ShuntingYard\ShuntingYard.csproj", "{4D8373F9-2A47-4132-9CA0-1BCD95E5D6EF}"
EndProject
Project("{FAE04EC0-301F-11D3-BF4B-00C04F79EFBC}") = "DotMaze", "DotMaze\DotMaze.csproj", "{C942EFA7-D7C1-4979-942C-615F29F295DC}"
EndProject
Project("{FAE04EC0-301F-11D3-BF4B-00C04F79EFBC}") = "ImageLayers", "ImageLayers\ImageLayers.csproj", "{D645B48C-B7CA-496F-8B14-D34B55B9BADA}"
EndProject
Project("{FAE04EC0-301F-11D3-BF4B-00C04F79EFBC}") = "Collision", "ShapeFill\Collision.csproj", "{2441D89B-6CC8-4208-B00C-8B77E758FF56}"
EndProject
Project("{FAE04EC0-301F-11D3-BF4B-00C04F79EFBC}") = "ASCIIArt", "ASCIIArt\ASCIIArt.csproj", "{D073CCC1-08EC-46D5-9896-E9E60FD27439}"
EndProject
Project("{FAE04EC0-301F-11D3-BF4B-00C04F79EFBC}") = "Life", "Life\Life.csproj", "{08341D44-3E43-4439-B749-0FEDBCAE7496}"
EndProject
Project("{FAE04EC0-301F-11D3-BF4B-00C04F79EFBC}") = "CellularAutomata3D", "CellularAutomata3D\CellularAutomata3D.csproj", "{9A1A9C28-4039-471F-97F2-E56A610CE669}"
EndProject
Project("{FAE04EC0-301F-11D3-BF4B-00C04F79EFBC}") = "ProceduralPathways", "ProceduralPathways\ProceduralPathways.csproj", "{A9AF771E-4018-489E-945F-62965188FCC0}"
EndProject
Project("{FAE04EC0-301F-11D3-BF4B-00C04F79EFBC}") = "TerrainGeneration", "TerrainGeneration\TerrainGeneration.csproj", "{4957E680-A038-422B-87F7-C6D711598C18}"
EndProject
Project("{FAE04EC0-301F-11D3-BF4B-00C04F79EFBC}") = "HyperbolicRender", "HyperbolicRender\HyperbolicRender.csproj", "{D95FC7ED-591A-4E7B-9072-73F75E168E87}"
EndProject
Project("{FAE04EC0-301F-11D3-BF4B-00C04F79EFBC}") = "ColorChannelSwap", "ColorChannelSwap\ColorChannelSwap.csproj", "{9F35196E-E79F-44D1-8AFB-056C2512209A}"
EndProject
Project("{FAE04EC0-301F-11D3-BF4B-00C04F79EFBC}") = "ShapeColorGenerator", "ShapeColorGenerator\ShapeColorGenerator.csproj", "{0DEE6A76-CFF9-470A-A3AD-6AE822D66AA4}"
EndProject
Project("{FAE04EC0-301F-11D3-BF4B-00C04F79EFBC}") = "MondrianArt", "MondrianArt\MondrianArt.csproj", "{468A0E89-15E1-45E7-86B8-D75CF2739AEA}"
EndProject
Project("{FAE04EC0-301F-11D3-BF4B-00C04F79EFBC}") = "OpacityExtended", "OpacityExtended\OpacityExtended.csproj", "{8C5C8953-E99B-4652-8EA3-53C3C2B9E537}"
EndProject
Project("{FAE04EC0-301F-11D3-BF4B-00C04F79EFBC}") = "Squish", "Squish\Squish.csproj", "{42B2D052-FC5B-44B0-B3C4-78F40164178D}"
EndProject
Project("{FAE04EC0-301F-11D3-BF4B-00C04F79EFBC}") = "StockGraph", "Stock\StockGraph.csproj", "{D2599287-00E6-4330-AB4A-7AAF0C34DB3C}"
EndProject
Project("{9A19103F-16F7-4668-BE54-9A1E7A4F7556}") = "OCR", "OCR\OCR.csproj", "{FA04E995-716E-492E-90FC-AAC503BFEC84}"
EndProject
Project("{FAE04EC0-301F-11D3-BF4B-00C04F79EFBC}") = "SocketServer", "SocketServer\SocketServer.csproj", "{D36A748C-248B-46BA-BA75-B618F91B583E}"
EndProject
Project("{FAE04EC0-301F-11D3-BF4B-00C04F79EFBC}") = "SocketClient", "SocketClient\SocketClient.csproj", "{C52C2F5B-7859-44A9-A581-A6FA4B0E96FC}"
EndProject
Project("{FAE04EC0-301F-11D3-BF4B-00C04F79EFBC}") = "DistCompPiMain", "DistCompPiMain\DistCompPiMain.csproj", "{53F0F80B-3594-4E9B-B3B2-F02882679D9D}"
EndProject
Project("{FAE04EC0-301F-11D3-BF4B-00C04F79EFBC}") = "DistCompPiNode", "DistCompPiNode\DistCompPiNode.csproj", "{2865F2AD-2801-401B-AC95-3C4A1670A685}"
EndProject
Project("{FAE04EC0-301F-11D3-BF4B-00C04F79EFBC}") = "KeySpam", "KeySpam\KeySpam.csproj", "{CEA9A091-C19E-4C73-BE38-9D021BA7ABCC}"
EndProject
Project("{8BC9CEB8-8B4A-11D0-8D11-00A0C91BC942}") = "CppSnippets", "CppSnippets\CppSnippets.vcxproj", "{382880ED-C43E-4E7C-B9B8-DA4981776957}"
EndProject
Project("{FAE04EC0-301F-11D3-BF4B-00C04F79EFBC}") = "PerlinNoise", "PerlinNoise\PerlinNoise.csproj", "{2462A956-8F98-4BB3-AD24-73F133D61F18}"
EndProject
Project("{FAE04EC0-301F-11D3-BF4B-00C04F79EFBC}") = "ImageStretch", "ImageStretch\ImageStretch.csproj", "{47F8A479-FF94-4E8A-B1FC-7523D2425E57}"
EndProject
Project("{FAE04EC0-301F-11D3-BF4B-00C04F79EFBC}") = "ColorToAlpha", "ColorToAlpha\ColorToAlpha.csproj", "{FA3C189D-C4C3-48B6-BB46-FB295E4A7458}"
EndProject
Project("{FAE04EC0-301F-11D3-BF4B-00C04F79EFBC}") = "Encoder", "Encoder\Encoder.csproj", "{AD42A143-08AA-4E6D-983D-55EFB482D71B}"
EndProject
Project("{FAE04EC0-301F-11D3-BF4B-00C04F79EFBC}") = "CantClose", "CantClose\CantClose.csproj", "{FB0FF215-21B8-44B0-904E-184A4D6D32CC}"
EndProject
Project("{FAE04EC0-301F-11D3-BF4B-00C04F79EFBC}") = "NonEuclideanMaze", "NonEuclideanMaze\NonEuclideanMaze.csproj", "{28249087-91B0-46B6-B31D-65952FECC653}"
EndProject
Project("{FAE04EC0-301F-11D3-BF4B-00C04F79EFBC}") = "GifMaker", "GifMaker\GifMaker.csproj", "{187C5B0A-E1EF-4D2E-B14D-0CA8FDD82B9B}"
EndProject
Project("{FAE04EC0-301F-11D3-BF4B-00C04F79EFBC}") = "MagicCircles", "MagicCircles\MagicCircles.csproj", "{E587FD5A-224E-4495-ACC2-6987EFE2E5C2}"
EndProject
Global
	GlobalSection(SolutionConfigurationPlatforms) = preSolution
		Debug|Any CPU = Debug|Any CPU
		Debug|x64 = Debug|x64
		Debug|x86 = Debug|x86
		Release|Any CPU = Release|Any CPU
		Release|x64 = Release|x64
		Release|x86 = Release|x86
	EndGlobalSection
	GlobalSection(ProjectConfigurationPlatforms) = postSolution
		{54AC00E5-EF59-41AF-B254-F1FD0B537973}.Debug|Any CPU.ActiveCfg = Debug|Any CPU
		{54AC00E5-EF59-41AF-B254-F1FD0B537973}.Debug|Any CPU.Build.0 = Debug|Any CPU
		{54AC00E5-EF59-41AF-B254-F1FD0B537973}.Debug|x64.ActiveCfg = Debug|Any CPU
		{54AC00E5-EF59-41AF-B254-F1FD0B537973}.Debug|x64.Build.0 = Debug|Any CPU
		{54AC00E5-EF59-41AF-B254-F1FD0B537973}.Debug|x86.ActiveCfg = Debug|Any CPU
		{54AC00E5-EF59-41AF-B254-F1FD0B537973}.Debug|x86.Build.0 = Debug|Any CPU
		{54AC00E5-EF59-41AF-B254-F1FD0B537973}.Release|Any CPU.ActiveCfg = Release|Any CPU
		{54AC00E5-EF59-41AF-B254-F1FD0B537973}.Release|Any CPU.Build.0 = Release|Any CPU
		{54AC00E5-EF59-41AF-B254-F1FD0B537973}.Release|x64.ActiveCfg = Release|Any CPU
		{54AC00E5-EF59-41AF-B254-F1FD0B537973}.Release|x64.Build.0 = Release|Any CPU
		{54AC00E5-EF59-41AF-B254-F1FD0B537973}.Release|x86.ActiveCfg = Release|Any CPU
		{54AC00E5-EF59-41AF-B254-F1FD0B537973}.Release|x86.Build.0 = Release|Any CPU
		{4D8373F9-2A47-4132-9CA0-1BCD95E5D6EF}.Debug|Any CPU.ActiveCfg = Debug|Any CPU
		{4D8373F9-2A47-4132-9CA0-1BCD95E5D6EF}.Debug|Any CPU.Build.0 = Debug|Any CPU
		{4D8373F9-2A47-4132-9CA0-1BCD95E5D6EF}.Debug|x64.ActiveCfg = Debug|Any CPU
		{4D8373F9-2A47-4132-9CA0-1BCD95E5D6EF}.Debug|x64.Build.0 = Debug|Any CPU
		{4D8373F9-2A47-4132-9CA0-1BCD95E5D6EF}.Debug|x86.ActiveCfg = Debug|Any CPU
		{4D8373F9-2A47-4132-9CA0-1BCD95E5D6EF}.Debug|x86.Build.0 = Debug|Any CPU
		{4D8373F9-2A47-4132-9CA0-1BCD95E5D6EF}.Release|Any CPU.ActiveCfg = Release|Any CPU
		{4D8373F9-2A47-4132-9CA0-1BCD95E5D6EF}.Release|Any CPU.Build.0 = Release|Any CPU
		{4D8373F9-2A47-4132-9CA0-1BCD95E5D6EF}.Release|x64.ActiveCfg = Release|Any CPU
		{4D8373F9-2A47-4132-9CA0-1BCD95E5D6EF}.Release|x64.Build.0 = Release|Any CPU
		{4D8373F9-2A47-4132-9CA0-1BCD95E5D6EF}.Release|x86.ActiveCfg = Release|Any CPU
		{4D8373F9-2A47-4132-9CA0-1BCD95E5D6EF}.Release|x86.Build.0 = Release|Any CPU
		{C942EFA7-D7C1-4979-942C-615F29F295DC}.Debug|Any CPU.ActiveCfg = Debug|Any CPU
		{C942EFA7-D7C1-4979-942C-615F29F295DC}.Debug|Any CPU.Build.0 = Debug|Any CPU
		{C942EFA7-D7C1-4979-942C-615F29F295DC}.Debug|x64.ActiveCfg = Debug|Any CPU
		{C942EFA7-D7C1-4979-942C-615F29F295DC}.Debug|x64.Build.0 = Debug|Any CPU
		{C942EFA7-D7C1-4979-942C-615F29F295DC}.Debug|x86.ActiveCfg = Debug|Any CPU
		{C942EFA7-D7C1-4979-942C-615F29F295DC}.Debug|x86.Build.0 = Debug|Any CPU
		{C942EFA7-D7C1-4979-942C-615F29F295DC}.Release|Any CPU.ActiveCfg = Release|Any CPU
		{C942EFA7-D7C1-4979-942C-615F29F295DC}.Release|Any CPU.Build.0 = Release|Any CPU
		{C942EFA7-D7C1-4979-942C-615F29F295DC}.Release|x64.ActiveCfg = Release|Any CPU
		{C942EFA7-D7C1-4979-942C-615F29F295DC}.Release|x64.Build.0 = Release|Any CPU
		{C942EFA7-D7C1-4979-942C-615F29F295DC}.Release|x86.ActiveCfg = Release|Any CPU
		{C942EFA7-D7C1-4979-942C-615F29F295DC}.Release|x86.Build.0 = Release|Any CPU
		{D645B48C-B7CA-496F-8B14-D34B55B9BADA}.Debug|Any CPU.ActiveCfg = Debug|Any CPU
		{D645B48C-B7CA-496F-8B14-D34B55B9BADA}.Debug|Any CPU.Build.0 = Debug|Any CPU
		{D645B48C-B7CA-496F-8B14-D34B55B9BADA}.Debug|x64.ActiveCfg = Debug|Any CPU
		{D645B48C-B7CA-496F-8B14-D34B55B9BADA}.Debug|x64.Build.0 = Debug|Any CPU
		{D645B48C-B7CA-496F-8B14-D34B55B9BADA}.Debug|x86.ActiveCfg = Debug|Any CPU
		{D645B48C-B7CA-496F-8B14-D34B55B9BADA}.Debug|x86.Build.0 = Debug|Any CPU
		{D645B48C-B7CA-496F-8B14-D34B55B9BADA}.Release|Any CPU.ActiveCfg = Release|Any CPU
		{D645B48C-B7CA-496F-8B14-D34B55B9BADA}.Release|Any CPU.Build.0 = Release|Any CPU
		{D645B48C-B7CA-496F-8B14-D34B55B9BADA}.Release|x64.ActiveCfg = Release|Any CPU
		{D645B48C-B7CA-496F-8B14-D34B55B9BADA}.Release|x64.Build.0 = Release|Any CPU
		{D645B48C-B7CA-496F-8B14-D34B55B9BADA}.Release|x86.ActiveCfg = Release|Any CPU
		{D645B48C-B7CA-496F-8B14-D34B55B9BADA}.Release|x86.Build.0 = Release|Any CPU
		{2441D89B-6CC8-4208-B00C-8B77E758FF56}.Debug|Any CPU.ActiveCfg = Debug|Any CPU
		{2441D89B-6CC8-4208-B00C-8B77E758FF56}.Debug|Any CPU.Build.0 = Debug|Any CPU
		{2441D89B-6CC8-4208-B00C-8B77E758FF56}.Debug|x64.ActiveCfg = Debug|Any CPU
		{2441D89B-6CC8-4208-B00C-8B77E758FF56}.Debug|x64.Build.0 = Debug|Any CPU
		{2441D89B-6CC8-4208-B00C-8B77E758FF56}.Debug|x86.ActiveCfg = Debug|Any CPU
		{2441D89B-6CC8-4208-B00C-8B77E758FF56}.Debug|x86.Build.0 = Debug|Any CPU
		{2441D89B-6CC8-4208-B00C-8B77E758FF56}.Release|Any CPU.ActiveCfg = Release|Any CPU
		{2441D89B-6CC8-4208-B00C-8B77E758FF56}.Release|Any CPU.Build.0 = Release|Any CPU
		{2441D89B-6CC8-4208-B00C-8B77E758FF56}.Release|x64.ActiveCfg = Release|Any CPU
		{2441D89B-6CC8-4208-B00C-8B77E758FF56}.Release|x64.Build.0 = Release|Any CPU
		{2441D89B-6CC8-4208-B00C-8B77E758FF56}.Release|x86.ActiveCfg = Release|Any CPU
		{2441D89B-6CC8-4208-B00C-8B77E758FF56}.Release|x86.Build.0 = Release|Any CPU
		{D073CCC1-08EC-46D5-9896-E9E60FD27439}.Debug|Any CPU.ActiveCfg = Debug|Any CPU
		{D073CCC1-08EC-46D5-9896-E9E60FD27439}.Debug|Any CPU.Build.0 = Debug|Any CPU
		{D073CCC1-08EC-46D5-9896-E9E60FD27439}.Debug|x64.ActiveCfg = Debug|Any CPU
		{D073CCC1-08EC-46D5-9896-E9E60FD27439}.Debug|x64.Build.0 = Debug|Any CPU
		{D073CCC1-08EC-46D5-9896-E9E60FD27439}.Debug|x86.ActiveCfg = Debug|Any CPU
		{D073CCC1-08EC-46D5-9896-E9E60FD27439}.Debug|x86.Build.0 = Debug|Any CPU
		{D073CCC1-08EC-46D5-9896-E9E60FD27439}.Release|Any CPU.ActiveCfg = Release|Any CPU
		{D073CCC1-08EC-46D5-9896-E9E60FD27439}.Release|Any CPU.Build.0 = Release|Any CPU
		{D073CCC1-08EC-46D5-9896-E9E60FD27439}.Release|x64.ActiveCfg = Release|Any CPU
		{D073CCC1-08EC-46D5-9896-E9E60FD27439}.Release|x64.Build.0 = Release|Any CPU
		{D073CCC1-08EC-46D5-9896-E9E60FD27439}.Release|x86.ActiveCfg = Release|Any CPU
		{D073CCC1-08EC-46D5-9896-E9E60FD27439}.Release|x86.Build.0 = Release|Any CPU
		{08341D44-3E43-4439-B749-0FEDBCAE7496}.Debug|Any CPU.ActiveCfg = Debug|Any CPU
		{08341D44-3E43-4439-B749-0FEDBCAE7496}.Debug|Any CPU.Build.0 = Debug|Any CPU
		{08341D44-3E43-4439-B749-0FEDBCAE7496}.Debug|x64.ActiveCfg = Debug|Any CPU
		{08341D44-3E43-4439-B749-0FEDBCAE7496}.Debug|x64.Build.0 = Debug|Any CPU
		{08341D44-3E43-4439-B749-0FEDBCAE7496}.Debug|x86.ActiveCfg = Debug|Any CPU
		{08341D44-3E43-4439-B749-0FEDBCAE7496}.Debug|x86.Build.0 = Debug|Any CPU
		{08341D44-3E43-4439-B749-0FEDBCAE7496}.Release|Any CPU.ActiveCfg = Release|Any CPU
		{08341D44-3E43-4439-B749-0FEDBCAE7496}.Release|Any CPU.Build.0 = Release|Any CPU
		{08341D44-3E43-4439-B749-0FEDBCAE7496}.Release|x64.ActiveCfg = Release|Any CPU
		{08341D44-3E43-4439-B749-0FEDBCAE7496}.Release|x64.Build.0 = Release|Any CPU
		{08341D44-3E43-4439-B749-0FEDBCAE7496}.Release|x86.ActiveCfg = Release|Any CPU
		{08341D44-3E43-4439-B749-0FEDBCAE7496}.Release|x86.Build.0 = Release|Any CPU
		{9A1A9C28-4039-471F-97F2-E56A610CE669}.Debug|Any CPU.ActiveCfg = Debug|Any CPU
		{9A1A9C28-4039-471F-97F2-E56A610CE669}.Debug|Any CPU.Build.0 = Debug|Any CPU
		{9A1A9C28-4039-471F-97F2-E56A610CE669}.Debug|x64.ActiveCfg = Debug|Any CPU
		{9A1A9C28-4039-471F-97F2-E56A610CE669}.Debug|x64.Build.0 = Debug|Any CPU
		{9A1A9C28-4039-471F-97F2-E56A610CE669}.Debug|x86.ActiveCfg = Debug|Any CPU
		{9A1A9C28-4039-471F-97F2-E56A610CE669}.Debug|x86.Build.0 = Debug|Any CPU
		{9A1A9C28-4039-471F-97F2-E56A610CE669}.Release|Any CPU.ActiveCfg = Release|Any CPU
		{9A1A9C28-4039-471F-97F2-E56A610CE669}.Release|Any CPU.Build.0 = Release|Any CPU
		{9A1A9C28-4039-471F-97F2-E56A610CE669}.Release|x64.ActiveCfg = Release|Any CPU
		{9A1A9C28-4039-471F-97F2-E56A610CE669}.Release|x64.Build.0 = Release|Any CPU
		{9A1A9C28-4039-471F-97F2-E56A610CE669}.Release|x86.ActiveCfg = Release|Any CPU
		{9A1A9C28-4039-471F-97F2-E56A610CE669}.Release|x86.Build.0 = Release|Any CPU
		{A9AF771E-4018-489E-945F-62965188FCC0}.Debug|Any CPU.ActiveCfg = Debug|Any CPU
		{A9AF771E-4018-489E-945F-62965188FCC0}.Debug|Any CPU.Build.0 = Debug|Any CPU
		{A9AF771E-4018-489E-945F-62965188FCC0}.Debug|x64.ActiveCfg = Debug|Any CPU
		{A9AF771E-4018-489E-945F-62965188FCC0}.Debug|x64.Build.0 = Debug|Any CPU
		{A9AF771E-4018-489E-945F-62965188FCC0}.Debug|x86.ActiveCfg = Debug|Any CPU
		{A9AF771E-4018-489E-945F-62965188FCC0}.Debug|x86.Build.0 = Debug|Any CPU
		{A9AF771E-4018-489E-945F-62965188FCC0}.Release|Any CPU.ActiveCfg = Release|Any CPU
		{A9AF771E-4018-489E-945F-62965188FCC0}.Release|Any CPU.Build.0 = Release|Any CPU
		{A9AF771E-4018-489E-945F-62965188FCC0}.Release|x64.ActiveCfg = Release|Any CPU
		{A9AF771E-4018-489E-945F-62965188FCC0}.Release|x64.Build.0 = Release|Any CPU
		{A9AF771E-4018-489E-945F-62965188FCC0}.Release|x86.ActiveCfg = Release|Any CPU
		{A9AF771E-4018-489E-945F-62965188FCC0}.Release|x86.Build.0 = Release|Any CPU
		{4957E680-A038-422B-87F7-C6D711598C18}.Debug|Any CPU.ActiveCfg = Debug|Any CPU
		{4957E680-A038-422B-87F7-C6D711598C18}.Debug|Any CPU.Build.0 = Debug|Any CPU
		{4957E680-A038-422B-87F7-C6D711598C18}.Debug|x64.ActiveCfg = Debug|Any CPU
		{4957E680-A038-422B-87F7-C6D711598C18}.Debug|x64.Build.0 = Debug|Any CPU
		{4957E680-A038-422B-87F7-C6D711598C18}.Debug|x86.ActiveCfg = Debug|Any CPU
		{4957E680-A038-422B-87F7-C6D711598C18}.Debug|x86.Build.0 = Debug|Any CPU
		{4957E680-A038-422B-87F7-C6D711598C18}.Release|Any CPU.ActiveCfg = Release|Any CPU
		{4957E680-A038-422B-87F7-C6D711598C18}.Release|Any CPU.Build.0 = Release|Any CPU
		{4957E680-A038-422B-87F7-C6D711598C18}.Release|x64.ActiveCfg = Release|Any CPU
		{4957E680-A038-422B-87F7-C6D711598C18}.Release|x64.Build.0 = Release|Any CPU
		{4957E680-A038-422B-87F7-C6D711598C18}.Release|x86.ActiveCfg = Release|Any CPU
		{4957E680-A038-422B-87F7-C6D711598C18}.Release|x86.Build.0 = Release|Any CPU
		{D95FC7ED-591A-4E7B-9072-73F75E168E87}.Debug|Any CPU.ActiveCfg = Debug|Any CPU
		{D95FC7ED-591A-4E7B-9072-73F75E168E87}.Debug|Any CPU.Build.0 = Debug|Any CPU
		{D95FC7ED-591A-4E7B-9072-73F75E168E87}.Debug|x64.ActiveCfg = Debug|Any CPU
		{D95FC7ED-591A-4E7B-9072-73F75E168E87}.Debug|x64.Build.0 = Debug|Any CPU
		{D95FC7ED-591A-4E7B-9072-73F75E168E87}.Debug|x86.ActiveCfg = Debug|Any CPU
		{D95FC7ED-591A-4E7B-9072-73F75E168E87}.Debug|x86.Build.0 = Debug|Any CPU
		{D95FC7ED-591A-4E7B-9072-73F75E168E87}.Release|Any CPU.ActiveCfg = Release|Any CPU
		{D95FC7ED-591A-4E7B-9072-73F75E168E87}.Release|Any CPU.Build.0 = Release|Any CPU
		{D95FC7ED-591A-4E7B-9072-73F75E168E87}.Release|x64.ActiveCfg = Release|Any CPU
		{D95FC7ED-591A-4E7B-9072-73F75E168E87}.Release|x64.Build.0 = Release|Any CPU
		{D95FC7ED-591A-4E7B-9072-73F75E168E87}.Release|x86.ActiveCfg = Release|Any CPU
		{D95FC7ED-591A-4E7B-9072-73F75E168E87}.Release|x86.Build.0 = Release|Any CPU
		{9F35196E-E79F-44D1-8AFB-056C2512209A}.Debug|Any CPU.ActiveCfg = Debug|Any CPU
		{9F35196E-E79F-44D1-8AFB-056C2512209A}.Debug|Any CPU.Build.0 = Debug|Any CPU
		{9F35196E-E79F-44D1-8AFB-056C2512209A}.Debug|x64.ActiveCfg = Debug|Any CPU
		{9F35196E-E79F-44D1-8AFB-056C2512209A}.Debug|x64.Build.0 = Debug|Any CPU
		{9F35196E-E79F-44D1-8AFB-056C2512209A}.Debug|x86.ActiveCfg = Debug|Any CPU
		{9F35196E-E79F-44D1-8AFB-056C2512209A}.Debug|x86.Build.0 = Debug|Any CPU
		{9F35196E-E79F-44D1-8AFB-056C2512209A}.Release|Any CPU.ActiveCfg = Release|Any CPU
		{9F35196E-E79F-44D1-8AFB-056C2512209A}.Release|Any CPU.Build.0 = Release|Any CPU
		{9F35196E-E79F-44D1-8AFB-056C2512209A}.Release|x64.ActiveCfg = Release|Any CPU
		{9F35196E-E79F-44D1-8AFB-056C2512209A}.Release|x64.Build.0 = Release|Any CPU
		{9F35196E-E79F-44D1-8AFB-056C2512209A}.Release|x86.ActiveCfg = Release|Any CPU
		{9F35196E-E79F-44D1-8AFB-056C2512209A}.Release|x86.Build.0 = Release|Any CPU
		{0DEE6A76-CFF9-470A-A3AD-6AE822D66AA4}.Debug|Any CPU.ActiveCfg = Debug|Any CPU
		{0DEE6A76-CFF9-470A-A3AD-6AE822D66AA4}.Debug|Any CPU.Build.0 = Debug|Any CPU
		{0DEE6A76-CFF9-470A-A3AD-6AE822D66AA4}.Debug|x64.ActiveCfg = Debug|Any CPU
		{0DEE6A76-CFF9-470A-A3AD-6AE822D66AA4}.Debug|x64.Build.0 = Debug|Any CPU
		{0DEE6A76-CFF9-470A-A3AD-6AE822D66AA4}.Debug|x86.ActiveCfg = Debug|Any CPU
		{0DEE6A76-CFF9-470A-A3AD-6AE822D66AA4}.Debug|x86.Build.0 = Debug|Any CPU
		{0DEE6A76-CFF9-470A-A3AD-6AE822D66AA4}.Release|Any CPU.ActiveCfg = Release|Any CPU
		{0DEE6A76-CFF9-470A-A3AD-6AE822D66AA4}.Release|Any CPU.Build.0 = Release|Any CPU
		{0DEE6A76-CFF9-470A-A3AD-6AE822D66AA4}.Release|x64.ActiveCfg = Release|Any CPU
		{0DEE6A76-CFF9-470A-A3AD-6AE822D66AA4}.Release|x64.Build.0 = Release|Any CPU
		{0DEE6A76-CFF9-470A-A3AD-6AE822D66AA4}.Release|x86.ActiveCfg = Release|Any CPU
		{0DEE6A76-CFF9-470A-A3AD-6AE822D66AA4}.Release|x86.Build.0 = Release|Any CPU
		{468A0E89-15E1-45E7-86B8-D75CF2739AEA}.Debug|Any CPU.ActiveCfg = Debug|Any CPU
		{468A0E89-15E1-45E7-86B8-D75CF2739AEA}.Debug|Any CPU.Build.0 = Debug|Any CPU
		{468A0E89-15E1-45E7-86B8-D75CF2739AEA}.Debug|x64.ActiveCfg = Debug|Any CPU
		{468A0E89-15E1-45E7-86B8-D75CF2739AEA}.Debug|x64.Build.0 = Debug|Any CPU
		{468A0E89-15E1-45E7-86B8-D75CF2739AEA}.Debug|x86.ActiveCfg = Debug|Any CPU
		{468A0E89-15E1-45E7-86B8-D75CF2739AEA}.Debug|x86.Build.0 = Debug|Any CPU
		{468A0E89-15E1-45E7-86B8-D75CF2739AEA}.Release|Any CPU.ActiveCfg = Release|Any CPU
		{468A0E89-15E1-45E7-86B8-D75CF2739AEA}.Release|Any CPU.Build.0 = Release|Any CPU
		{468A0E89-15E1-45E7-86B8-D75CF2739AEA}.Release|x64.ActiveCfg = Release|Any CPU
		{468A0E89-15E1-45E7-86B8-D75CF2739AEA}.Release|x64.Build.0 = Release|Any CPU
		{468A0E89-15E1-45E7-86B8-D75CF2739AEA}.Release|x86.ActiveCfg = Release|Any CPU
		{468A0E89-15E1-45E7-86B8-D75CF2739AEA}.Release|x86.Build.0 = Release|Any CPU
		{8C5C8953-E99B-4652-8EA3-53C3C2B9E537}.Debug|Any CPU.ActiveCfg = Debug|Any CPU
		{8C5C8953-E99B-4652-8EA3-53C3C2B9E537}.Debug|Any CPU.Build.0 = Debug|Any CPU
		{8C5C8953-E99B-4652-8EA3-53C3C2B9E537}.Debug|x64.ActiveCfg = Debug|Any CPU
		{8C5C8953-E99B-4652-8EA3-53C3C2B9E537}.Debug|x64.Build.0 = Debug|Any CPU
		{8C5C8953-E99B-4652-8EA3-53C3C2B9E537}.Debug|x86.ActiveCfg = Debug|Any CPU
		{8C5C8953-E99B-4652-8EA3-53C3C2B9E537}.Debug|x86.Build.0 = Debug|Any CPU
		{8C5C8953-E99B-4652-8EA3-53C3C2B9E537}.Release|Any CPU.ActiveCfg = Release|Any CPU
		{8C5C8953-E99B-4652-8EA3-53C3C2B9E537}.Release|Any CPU.Build.0 = Release|Any CPU
		{8C5C8953-E99B-4652-8EA3-53C3C2B9E537}.Release|x64.ActiveCfg = Release|Any CPU
		{8C5C8953-E99B-4652-8EA3-53C3C2B9E537}.Release|x64.Build.0 = Release|Any CPU
		{8C5C8953-E99B-4652-8EA3-53C3C2B9E537}.Release|x86.ActiveCfg = Release|Any CPU
		{8C5C8953-E99B-4652-8EA3-53C3C2B9E537}.Release|x86.Build.0 = Release|Any CPU
		{42B2D052-FC5B-44B0-B3C4-78F40164178D}.Debug|Any CPU.ActiveCfg = Debug|Any CPU
		{42B2D052-FC5B-44B0-B3C4-78F40164178D}.Debug|Any CPU.Build.0 = Debug|Any CPU
		{42B2D052-FC5B-44B0-B3C4-78F40164178D}.Debug|x64.ActiveCfg = Debug|Any CPU
		{42B2D052-FC5B-44B0-B3C4-78F40164178D}.Debug|x64.Build.0 = Debug|Any CPU
		{42B2D052-FC5B-44B0-B3C4-78F40164178D}.Debug|x86.ActiveCfg = Debug|Any CPU
		{42B2D052-FC5B-44B0-B3C4-78F40164178D}.Debug|x86.Build.0 = Debug|Any CPU
		{42B2D052-FC5B-44B0-B3C4-78F40164178D}.Release|Any CPU.ActiveCfg = Release|Any CPU
		{42B2D052-FC5B-44B0-B3C4-78F40164178D}.Release|Any CPU.Build.0 = Release|Any CPU
		{42B2D052-FC5B-44B0-B3C4-78F40164178D}.Release|x64.ActiveCfg = Release|Any CPU
		{42B2D052-FC5B-44B0-B3C4-78F40164178D}.Release|x64.Build.0 = Release|Any CPU
		{42B2D052-FC5B-44B0-B3C4-78F40164178D}.Release|x86.ActiveCfg = Release|Any CPU
		{42B2D052-FC5B-44B0-B3C4-78F40164178D}.Release|x86.Build.0 = Release|Any CPU
		{D2599287-00E6-4330-AB4A-7AAF0C34DB3C}.Debug|Any CPU.ActiveCfg = Debug|Any CPU
		{D2599287-00E6-4330-AB4A-7AAF0C34DB3C}.Debug|Any CPU.Build.0 = Debug|Any CPU
		{D2599287-00E6-4330-AB4A-7AAF0C34DB3C}.Debug|x64.ActiveCfg = Debug|Any CPU
		{D2599287-00E6-4330-AB4A-7AAF0C34DB3C}.Debug|x64.Build.0 = Debug|Any CPU
		{D2599287-00E6-4330-AB4A-7AAF0C34DB3C}.Debug|x86.ActiveCfg = Debug|Any CPU
		{D2599287-00E6-4330-AB4A-7AAF0C34DB3C}.Debug|x86.Build.0 = Debug|Any CPU
		{D2599287-00E6-4330-AB4A-7AAF0C34DB3C}.Release|Any CPU.ActiveCfg = Release|Any CPU
		{D2599287-00E6-4330-AB4A-7AAF0C34DB3C}.Release|Any CPU.Build.0 = Release|Any CPU
		{D2599287-00E6-4330-AB4A-7AAF0C34DB3C}.Release|x64.ActiveCfg = Release|Any CPU
		{D2599287-00E6-4330-AB4A-7AAF0C34DB3C}.Release|x64.Build.0 = Release|Any CPU
		{D2599287-00E6-4330-AB4A-7AAF0C34DB3C}.Release|x86.ActiveCfg = Release|Any CPU
		{D2599287-00E6-4330-AB4A-7AAF0C34DB3C}.Release|x86.Build.0 = Release|Any CPU
		{FA04E995-716E-492E-90FC-AAC503BFEC84}.Debug|Any CPU.ActiveCfg = Debug|Any CPU
		{FA04E995-716E-492E-90FC-AAC503BFEC84}.Debug|Any CPU.Build.0 = Debug|Any CPU
		{FA04E995-716E-492E-90FC-AAC503BFEC84}.Debug|x64.ActiveCfg = Debug|Any CPU
		{FA04E995-716E-492E-90FC-AAC503BFEC84}.Debug|x64.Build.0 = Debug|Any CPU
		{FA04E995-716E-492E-90FC-AAC503BFEC84}.Debug|x86.ActiveCfg = Debug|Any CPU
		{FA04E995-716E-492E-90FC-AAC503BFEC84}.Debug|x86.Build.0 = Debug|Any CPU
		{FA04E995-716E-492E-90FC-AAC503BFEC84}.Release|Any CPU.ActiveCfg = Release|Any CPU
		{FA04E995-716E-492E-90FC-AAC503BFEC84}.Release|Any CPU.Build.0 = Release|Any CPU
		{FA04E995-716E-492E-90FC-AAC503BFEC84}.Release|x64.ActiveCfg = Release|Any CPU
		{FA04E995-716E-492E-90FC-AAC503BFEC84}.Release|x64.Build.0 = Release|Any CPU
		{FA04E995-716E-492E-90FC-AAC503BFEC84}.Release|x86.ActiveCfg = Release|Any CPU
		{FA04E995-716E-492E-90FC-AAC503BFEC84}.Release|x86.Build.0 = Release|Any CPU
		{D36A748C-248B-46BA-BA75-B618F91B583E}.Debug|Any CPU.ActiveCfg = Debug|Any CPU
		{D36A748C-248B-46BA-BA75-B618F91B583E}.Debug|Any CPU.Build.0 = Debug|Any CPU
		{D36A748C-248B-46BA-BA75-B618F91B583E}.Debug|x64.ActiveCfg = Debug|Any CPU
		{D36A748C-248B-46BA-BA75-B618F91B583E}.Debug|x64.Build.0 = Debug|Any CPU
		{D36A748C-248B-46BA-BA75-B618F91B583E}.Debug|x86.ActiveCfg = Debug|Any CPU
		{D36A748C-248B-46BA-BA75-B618F91B583E}.Debug|x86.Build.0 = Debug|Any CPU
		{D36A748C-248B-46BA-BA75-B618F91B583E}.Release|Any CPU.ActiveCfg = Release|Any CPU
		{D36A748C-248B-46BA-BA75-B618F91B583E}.Release|Any CPU.Build.0 = Release|Any CPU
		{D36A748C-248B-46BA-BA75-B618F91B583E}.Release|x64.ActiveCfg = Release|Any CPU
		{D36A748C-248B-46BA-BA75-B618F91B583E}.Release|x64.Build.0 = Release|Any CPU
		{D36A748C-248B-46BA-BA75-B618F91B583E}.Release|x86.ActiveCfg = Release|Any CPU
		{D36A748C-248B-46BA-BA75-B618F91B583E}.Release|x86.Build.0 = Release|Any CPU
		{C52C2F5B-7859-44A9-A581-A6FA4B0E96FC}.Debug|Any CPU.ActiveCfg = Debug|Any CPU
		{C52C2F5B-7859-44A9-A581-A6FA4B0E96FC}.Debug|Any CPU.Build.0 = Debug|Any CPU
		{C52C2F5B-7859-44A9-A581-A6FA4B0E96FC}.Debug|x64.ActiveCfg = Debug|Any CPU
		{C52C2F5B-7859-44A9-A581-A6FA4B0E96FC}.Debug|x64.Build.0 = Debug|Any CPU
		{C52C2F5B-7859-44A9-A581-A6FA4B0E96FC}.Debug|x86.ActiveCfg = Debug|Any CPU
		{C52C2F5B-7859-44A9-A581-A6FA4B0E96FC}.Debug|x86.Build.0 = Debug|Any CPU
		{C52C2F5B-7859-44A9-A581-A6FA4B0E96FC}.Release|Any CPU.ActiveCfg = Release|Any CPU
		{C52C2F5B-7859-44A9-A581-A6FA4B0E96FC}.Release|Any CPU.Build.0 = Release|Any CPU
		{C52C2F5B-7859-44A9-A581-A6FA4B0E96FC}.Release|x64.ActiveCfg = Release|Any CPU
		{C52C2F5B-7859-44A9-A581-A6FA4B0E96FC}.Release|x64.Build.0 = Release|Any CPU
		{C52C2F5B-7859-44A9-A581-A6FA4B0E96FC}.Release|x86.ActiveCfg = Release|Any CPU
		{C52C2F5B-7859-44A9-A581-A6FA4B0E96FC}.Release|x86.Build.0 = Release|Any CPU
		{53F0F80B-3594-4E9B-B3B2-F02882679D9D}.Debug|Any CPU.ActiveCfg = Debug|Any CPU
		{53F0F80B-3594-4E9B-B3B2-F02882679D9D}.Debug|Any CPU.Build.0 = Debug|Any CPU
		{53F0F80B-3594-4E9B-B3B2-F02882679D9D}.Debug|x64.ActiveCfg = Debug|Any CPU
		{53F0F80B-3594-4E9B-B3B2-F02882679D9D}.Debug|x64.Build.0 = Debug|Any CPU
		{53F0F80B-3594-4E9B-B3B2-F02882679D9D}.Debug|x86.ActiveCfg = Debug|Any CPU
		{53F0F80B-3594-4E9B-B3B2-F02882679D9D}.Debug|x86.Build.0 = Debug|Any CPU
		{53F0F80B-3594-4E9B-B3B2-F02882679D9D}.Release|Any CPU.ActiveCfg = Release|Any CPU
		{53F0F80B-3594-4E9B-B3B2-F02882679D9D}.Release|Any CPU.Build.0 = Release|Any CPU
		{53F0F80B-3594-4E9B-B3B2-F02882679D9D}.Release|x64.ActiveCfg = Release|Any CPU
		{53F0F80B-3594-4E9B-B3B2-F02882679D9D}.Release|x64.Build.0 = Release|Any CPU
		{53F0F80B-3594-4E9B-B3B2-F02882679D9D}.Release|x86.ActiveCfg = Release|Any CPU
		{53F0F80B-3594-4E9B-B3B2-F02882679D9D}.Release|x86.Build.0 = Release|Any CPU
		{2865F2AD-2801-401B-AC95-3C4A1670A685}.Debug|Any CPU.ActiveCfg = Debug|Any CPU
		{2865F2AD-2801-401B-AC95-3C4A1670A685}.Debug|Any CPU.Build.0 = Debug|Any CPU
		{2865F2AD-2801-401B-AC95-3C4A1670A685}.Debug|x64.ActiveCfg = Debug|Any CPU
		{2865F2AD-2801-401B-AC95-3C4A1670A685}.Debug|x64.Build.0 = Debug|Any CPU
		{2865F2AD-2801-401B-AC95-3C4A1670A685}.Debug|x86.ActiveCfg = Debug|Any CPU
		{2865F2AD-2801-401B-AC95-3C4A1670A685}.Debug|x86.Build.0 = Debug|Any CPU
		{2865F2AD-2801-401B-AC95-3C4A1670A685}.Release|Any CPU.ActiveCfg = Release|Any CPU
		{2865F2AD-2801-401B-AC95-3C4A1670A685}.Release|Any CPU.Build.0 = Release|Any CPU
		{2865F2AD-2801-401B-AC95-3C4A1670A685}.Release|x64.ActiveCfg = Release|Any CPU
		{2865F2AD-2801-401B-AC95-3C4A1670A685}.Release|x64.Build.0 = Release|Any CPU
		{2865F2AD-2801-401B-AC95-3C4A1670A685}.Release|x86.ActiveCfg = Release|Any CPU
		{2865F2AD-2801-401B-AC95-3C4A1670A685}.Release|x86.Build.0 = Release|Any CPU
		{CEA9A091-C19E-4C73-BE38-9D021BA7ABCC}.Debug|Any CPU.ActiveCfg = Debug|Any CPU
		{CEA9A091-C19E-4C73-BE38-9D021BA7ABCC}.Debug|Any CPU.Build.0 = Debug|Any CPU
		{CEA9A091-C19E-4C73-BE38-9D021BA7ABCC}.Debug|x64.ActiveCfg = Debug|Any CPU
		{CEA9A091-C19E-4C73-BE38-9D021BA7ABCC}.Debug|x64.Build.0 = Debug|Any CPU
		{CEA9A091-C19E-4C73-BE38-9D021BA7ABCC}.Debug|x86.ActiveCfg = Debug|Any CPU
		{CEA9A091-C19E-4C73-BE38-9D021BA7ABCC}.Debug|x86.Build.0 = Debug|Any CPU
		{CEA9A091-C19E-4C73-BE38-9D021BA7ABCC}.Release|Any CPU.ActiveCfg = Release|Any CPU
		{CEA9A091-C19E-4C73-BE38-9D021BA7ABCC}.Release|Any CPU.Build.0 = Release|Any CPU
		{CEA9A091-C19E-4C73-BE38-9D021BA7ABCC}.Release|x64.ActiveCfg = Release|Any CPU
		{CEA9A091-C19E-4C73-BE38-9D021BA7ABCC}.Release|x64.Build.0 = Release|Any CPU
		{CEA9A091-C19E-4C73-BE38-9D021BA7ABCC}.Release|x86.ActiveCfg = Release|Any CPU
		{CEA9A091-C19E-4C73-BE38-9D021BA7ABCC}.Release|x86.Build.0 = Release|Any CPU
		{382880ED-C43E-4E7C-B9B8-DA4981776957}.Debug|Any CPU.ActiveCfg = Debug|Win32
		{382880ED-C43E-4E7C-B9B8-DA4981776957}.Debug|x64.ActiveCfg = Debug|x64
		{382880ED-C43E-4E7C-B9B8-DA4981776957}.Debug|x64.Build.0 = Debug|x64
		{382880ED-C43E-4E7C-B9B8-DA4981776957}.Debug|x86.ActiveCfg = Debug|Win32
		{382880ED-C43E-4E7C-B9B8-DA4981776957}.Debug|x86.Build.0 = Debug|Win32
		{382880ED-C43E-4E7C-B9B8-DA4981776957}.Release|Any CPU.ActiveCfg = Release|Win32
		{382880ED-C43E-4E7C-B9B8-DA4981776957}.Release|x64.ActiveCfg = Release|x64
		{382880ED-C43E-4E7C-B9B8-DA4981776957}.Release|x64.Build.0 = Release|x64
		{382880ED-C43E-4E7C-B9B8-DA4981776957}.Release|x86.ActiveCfg = Release|Win32
		{382880ED-C43E-4E7C-B9B8-DA4981776957}.Release|x86.Build.0 = Release|Win32
		{2462A956-8F98-4BB3-AD24-73F133D61F18}.Debug|Any CPU.ActiveCfg = Debug|Any CPU
		{2462A956-8F98-4BB3-AD24-73F133D61F18}.Debug|Any CPU.Build.0 = Debug|Any CPU
		{2462A956-8F98-4BB3-AD24-73F133D61F18}.Debug|x64.ActiveCfg = Debug|Any CPU
		{2462A956-8F98-4BB3-AD24-73F133D61F18}.Debug|x64.Build.0 = Debug|Any CPU
		{2462A956-8F98-4BB3-AD24-73F133D61F18}.Debug|x86.ActiveCfg = Debug|Any CPU
		{2462A956-8F98-4BB3-AD24-73F133D61F18}.Debug|x86.Build.0 = Debug|Any CPU
		{2462A956-8F98-4BB3-AD24-73F133D61F18}.Release|Any CPU.ActiveCfg = Release|Any CPU
		{2462A956-8F98-4BB3-AD24-73F133D61F18}.Release|Any CPU.Build.0 = Release|Any CPU
		{2462A956-8F98-4BB3-AD24-73F133D61F18}.Release|x64.ActiveCfg = Release|Any CPU
		{2462A956-8F98-4BB3-AD24-73F133D61F18}.Release|x64.Build.0 = Release|Any CPU
		{2462A956-8F98-4BB3-AD24-73F133D61F18}.Release|x86.ActiveCfg = Release|Any CPU
		{2462A956-8F98-4BB3-AD24-73F133D61F18}.Release|x86.Build.0 = Release|Any CPU
		{47F8A479-FF94-4E8A-B1FC-7523D2425E57}.Debug|Any CPU.ActiveCfg = Debug|Any CPU
		{47F8A479-FF94-4E8A-B1FC-7523D2425E57}.Debug|Any CPU.Build.0 = Debug|Any CPU
		{47F8A479-FF94-4E8A-B1FC-7523D2425E57}.Debug|x64.ActiveCfg = Debug|Any CPU
		{47F8A479-FF94-4E8A-B1FC-7523D2425E57}.Debug|x64.Build.0 = Debug|Any CPU
		{47F8A479-FF94-4E8A-B1FC-7523D2425E57}.Debug|x86.ActiveCfg = Debug|Any CPU
		{47F8A479-FF94-4E8A-B1FC-7523D2425E57}.Debug|x86.Build.0 = Debug|Any CPU
		{47F8A479-FF94-4E8A-B1FC-7523D2425E57}.Release|Any CPU.ActiveCfg = Release|Any CPU
		{47F8A479-FF94-4E8A-B1FC-7523D2425E57}.Release|Any CPU.Build.0 = Release|Any CPU
		{47F8A479-FF94-4E8A-B1FC-7523D2425E57}.Release|x64.ActiveCfg = Release|Any CPU
		{47F8A479-FF94-4E8A-B1FC-7523D2425E57}.Release|x64.Build.0 = Release|Any CPU
		{47F8A479-FF94-4E8A-B1FC-7523D2425E57}.Release|x86.ActiveCfg = Release|Any CPU
		{47F8A479-FF94-4E8A-B1FC-7523D2425E57}.Release|x86.Build.0 = Release|Any CPU
		{FA3C189D-C4C3-48B6-BB46-FB295E4A7458}.Debug|Any CPU.ActiveCfg = Debug|Any CPU
		{FA3C189D-C4C3-48B6-BB46-FB295E4A7458}.Debug|Any CPU.Build.0 = Debug|Any CPU
		{FA3C189D-C4C3-48B6-BB46-FB295E4A7458}.Debug|x64.ActiveCfg = Debug|Any CPU
		{FA3C189D-C4C3-48B6-BB46-FB295E4A7458}.Debug|x64.Build.0 = Debug|Any CPU
		{FA3C189D-C4C3-48B6-BB46-FB295E4A7458}.Debug|x86.ActiveCfg = Debug|Any CPU
		{FA3C189D-C4C3-48B6-BB46-FB295E4A7458}.Debug|x86.Build.0 = Debug|Any CPU
		{FA3C189D-C4C3-48B6-BB46-FB295E4A7458}.Release|Any CPU.ActiveCfg = Release|Any CPU
		{FA3C189D-C4C3-48B6-BB46-FB295E4A7458}.Release|Any CPU.Build.0 = Release|Any CPU
		{FA3C189D-C4C3-48B6-BB46-FB295E4A7458}.Release|x64.ActiveCfg = Release|Any CPU
		{FA3C189D-C4C3-48B6-BB46-FB295E4A7458}.Release|x64.Build.0 = Release|Any CPU
		{FA3C189D-C4C3-48B6-BB46-FB295E4A7458}.Release|x86.ActiveCfg = Release|Any CPU
		{FA3C189D-C4C3-48B6-BB46-FB295E4A7458}.Release|x86.Build.0 = Release|Any CPU
		{AD42A143-08AA-4E6D-983D-55EFB482D71B}.Debug|Any CPU.ActiveCfg = Debug|Any CPU
		{AD42A143-08AA-4E6D-983D-55EFB482D71B}.Debug|Any CPU.Build.0 = Debug|Any CPU
		{AD42A143-08AA-4E6D-983D-55EFB482D71B}.Debug|x64.ActiveCfg = Debug|Any CPU
		{AD42A143-08AA-4E6D-983D-55EFB482D71B}.Debug|x64.Build.0 = Debug|Any CPU
		{AD42A143-08AA-4E6D-983D-55EFB482D71B}.Debug|x86.ActiveCfg = Debug|Any CPU
		{AD42A143-08AA-4E6D-983D-55EFB482D71B}.Debug|x86.Build.0 = Debug|Any CPU
		{AD42A143-08AA-4E6D-983D-55EFB482D71B}.Release|Any CPU.ActiveCfg = Release|Any CPU
		{AD42A143-08AA-4E6D-983D-55EFB482D71B}.Release|Any CPU.Build.0 = Release|Any CPU
		{AD42A143-08AA-4E6D-983D-55EFB482D71B}.Release|x64.ActiveCfg = Release|Any CPU
		{AD42A143-08AA-4E6D-983D-55EFB482D71B}.Release|x64.Build.0 = Release|Any CPU
		{AD42A143-08AA-4E6D-983D-55EFB482D71B}.Release|x86.ActiveCfg = Release|Any CPU
		{AD42A143-08AA-4E6D-983D-55EFB482D71B}.Release|x86.Build.0 = Release|Any CPU
		{FB0FF215-21B8-44B0-904E-184A4D6D32CC}.Debug|Any CPU.ActiveCfg = Debug|Any CPU
		{FB0FF215-21B8-44B0-904E-184A4D6D32CC}.Debug|Any CPU.Build.0 = Debug|Any CPU
		{FB0FF215-21B8-44B0-904E-184A4D6D32CC}.Debug|x64.ActiveCfg = Debug|Any CPU
		{FB0FF215-21B8-44B0-904E-184A4D6D32CC}.Debug|x64.Build.0 = Debug|Any CPU
		{FB0FF215-21B8-44B0-904E-184A4D6D32CC}.Debug|x86.ActiveCfg = Debug|Any CPU
		{FB0FF215-21B8-44B0-904E-184A4D6D32CC}.Debug|x86.Build.0 = Debug|Any CPU
		{FB0FF215-21B8-44B0-904E-184A4D6D32CC}.Release|Any CPU.ActiveCfg = Release|Any CPU
		{FB0FF215-21B8-44B0-904E-184A4D6D32CC}.Release|Any CPU.Build.0 = Release|Any CPU
		{FB0FF215-21B8-44B0-904E-184A4D6D32CC}.Release|x64.ActiveCfg = Release|Any CPU
		{FB0FF215-21B8-44B0-904E-184A4D6D32CC}.Release|x64.Build.0 = Release|Any CPU
		{FB0FF215-21B8-44B0-904E-184A4D6D32CC}.Release|x86.ActiveCfg = Release|Any CPU
		{FB0FF215-21B8-44B0-904E-184A4D6D32CC}.Release|x86.Build.0 = Release|Any CPU
		{28249087-91B0-46B6-B31D-65952FECC653}.Debug|Any CPU.ActiveCfg = Debug|Any CPU
		{28249087-91B0-46B6-B31D-65952FECC653}.Debug|Any CPU.Build.0 = Debug|Any CPU
		{28249087-91B0-46B6-B31D-65952FECC653}.Debug|x64.ActiveCfg = Debug|Any CPU
		{28249087-91B0-46B6-B31D-65952FECC653}.Debug|x64.Build.0 = Debug|Any CPU
		{28249087-91B0-46B6-B31D-65952FECC653}.Debug|x86.ActiveCfg = Debug|Any CPU
		{28249087-91B0-46B6-B31D-65952FECC653}.Debug|x86.Build.0 = Debug|Any CPU
		{28249087-91B0-46B6-B31D-65952FECC653}.Release|Any CPU.ActiveCfg = Release|Any CPU
		{28249087-91B0-46B6-B31D-65952FECC653}.Release|Any CPU.Build.0 = Release|Any CPU
		{28249087-91B0-46B6-B31D-65952FECC653}.Release|x64.ActiveCfg = Release|Any CPU
		{28249087-91B0-46B6-B31D-65952FECC653}.Release|x64.Build.0 = Release|Any CPU
		{28249087-91B0-46B6-B31D-65952FECC653}.Release|x86.ActiveCfg = Release|Any CPU
		{28249087-91B0-46B6-B31D-65952FECC653}.Release|x86.Build.0 = Release|Any CPU
		{187C5B0A-E1EF-4D2E-B14D-0CA8FDD82B9B}.Debug|Any CPU.ActiveCfg = Debug|Any CPU
		{187C5B0A-E1EF-4D2E-B14D-0CA8FDD82B9B}.Debug|Any CPU.Build.0 = Debug|Any CPU
		{187C5B0A-E1EF-4D2E-B14D-0CA8FDD82B9B}.Debug|x64.ActiveCfg = Debug|Any CPU
		{187C5B0A-E1EF-4D2E-B14D-0CA8FDD82B9B}.Debug|x64.Build.0 = Debug|Any CPU
		{187C5B0A-E1EF-4D2E-B14D-0CA8FDD82B9B}.Debug|x86.ActiveCfg = Debug|Any CPU
		{187C5B0A-E1EF-4D2E-B14D-0CA8FDD82B9B}.Debug|x86.Build.0 = Debug|Any CPU
		{187C5B0A-E1EF-4D2E-B14D-0CA8FDD82B9B}.Release|Any CPU.ActiveCfg = Release|Any CPU
		{187C5B0A-E1EF-4D2E-B14D-0CA8FDD82B9B}.Release|Any CPU.Build.0 = Release|Any CPU
		{187C5B0A-E1EF-4D2E-B14D-0CA8FDD82B9B}.Release|x64.ActiveCfg = Release|Any CPU
		{187C5B0A-E1EF-4D2E-B14D-0CA8FDD82B9B}.Release|x64.Build.0 = Release|Any CPU
		{187C5B0A-E1EF-4D2E-B14D-0CA8FDD82B9B}.Release|x86.ActiveCfg = Release|Any CPU
		{187C5B0A-E1EF-4D2E-B14D-0CA8FDD82B9B}.Release|x86.Build.0 = Release|Any CPU
		{E587FD5A-224E-4495-ACC2-6987EFE2E5C2}.Debug|Any CPU.ActiveCfg = Debug|Any CPU
		{E587FD5A-224E-4495-ACC2-6987EFE2E5C2}.Debug|Any CPU.Build.0 = Debug|Any CPU
		{E587FD5A-224E-4495-ACC2-6987EFE2E5C2}.Debug|x64.ActiveCfg = Debug|Any CPU
		{E587FD5A-224E-4495-ACC2-6987EFE2E5C2}.Debug|x64.Build.0 = Debug|Any CPU
		{E587FD5A-224E-4495-ACC2-6987EFE2E5C2}.Debug|x86.ActiveCfg = Debug|Any CPU
		{E587FD5A-224E-4495-ACC2-6987EFE2E5C2}.Debug|x86.Build.0 = Debug|Any CPU
		{E587FD5A-224E-4495-ACC2-6987EFE2E5C2}.Release|Any CPU.ActiveCfg = Release|Any CPU
		{E587FD5A-224E-4495-ACC2-6987EFE2E5C2}.Release|Any CPU.Build.0 = Release|Any CPU
		{E587FD5A-224E-4495-ACC2-6987EFE2E5C2}.Release|x64.ActiveCfg = Release|Any CPU
		{E587FD5A-224E-4495-ACC2-6987EFE2E5C2}.Release|x64.Build.0 = Release|Any CPU
		{E587FD5A-224E-4495-ACC2-6987EFE2E5C2}.Release|x86.ActiveCfg = Release|Any CPU
		{E587FD5A-224E-4495-ACC2-6987EFE2E5C2}.Release|x86.Build.0 = Release|Any CPU
	EndGlobalSection
	GlobalSection(SolutionProperties) = preSolution
		HideSolutionNode = FALSE
	EndGlobalSection
	GlobalSection(ExtensibilityGlobals) = postSolution
		SolutionGuid = {9491C3B7-5FB0-43D4-9083-54FC9B453999}
	EndGlobalSection
EndGlobal
